
Microsoft Visual Studio Solution File, Format Version 12.00
# Visual Studio Version 17
VisualStudioVersion = 17.5.002.0
MinimumVisualStudioVersion = 10.0.40219.1
Project("{9A19103F-16F7-4668-BE54-9A1E7A4F7556}") = "Tassk68", "Tassk68.csproj", "{76F45210-91B5-4475-8C1F-2EBAC3CBFC2C}"
EndProject
Global
	GlobalSection(SolutionConfigurationPlatforms) = preSolution
		Debug|Any CPU = Debug|Any CPU
		Release|Any CPU = Release|Any CPU
	EndGlobalSection
	GlobalSection(ProjectConfigurationPlatforms) = postSolution
		{76F45210-91B5-4475-8C1F-2EBAC3CBFC2C}.Debug|Any CPU.ActiveCfg = Debug|Any CPU
		{76F45210-91B5-4475-8C1F-2EBAC3CBFC2C}.Debug|Any CPU.Build.0 = Debug|Any CPU
		{76F45210-91B5-4475-8C1F-2EBAC3CBFC2C}.Release|Any CPU.ActiveCfg = Release|Any CPU
		{76F45210-91B5-4475-8C1F-2EBAC3CBFC2C}.Release|Any CPU.Build.0 = Release|Any CPU
	EndGlobalSection
	GlobalSection(SolutionProperties) = preSolution
		HideSolutionNode = FALSE
	EndGlobalSection
	GlobalSection(ExtensibilityGlobals) = postSolution
		SolutionGuid = {ECBFBAD0-3941-4276-827F-A4E3814883DF}
	EndGlobalSection
EndGlobal
